// !$*UTF8*$!
{
	archiveVersion = 1;
	classes = {
	};
	objectVersion = 53;
	objects = {

/* Begin PBXBuildFile section */
		5C1D50F524C24A01009DF92C /* ProductList.swift in Sources */ = {isa = PBXBuildFile; fileRef = 5C1D50F424C24A01009DF92C /* ProductList.swift */; };
		5C1D50F624C24A01009DF92C /* ProductList.swift in Sources */ = {isa = PBXBuildFile; fileRef = 5C1D50F424C24A01009DF92C /* ProductList.swift */; };
		5C1D50F824C24A1D009DF92C /* Product.swift in Sources */ = {isa = PBXBuildFile; fileRef = 5C1D50F724C24A1D009DF92C /* Product.swift */; };
		5C1D50F924C24A1D009DF92C /* Product.swift in Sources */ = {isa = PBXBuildFile; fileRef = 5C1D50F724C24A1D009DF92C /* Product.swift */; };
		5C2577F024BE2EF900F62FB5 /* User.swift in Sources */ = {isa = PBXBuildFile; fileRef = 5C2577EF24BE2EF900F62FB5 /* User.swift */; };
		5C2577F124BE2EF900F62FB5 /* User.swift in Sources */ = {isa = PBXBuildFile; fileRef = 5C2577EF24BE2EF900F62FB5 /* User.swift */; };
		5C28CC7924C1D1D4009C5910 /* LoginView.swift in Sources */ = {isa = PBXBuildFile; fileRef = 5C28CC7824C1D1D4009C5910 /* LoginView.swift */; };
		5C28CC7A24C1D1D4009C5910 /* LoginView.swift in Sources */ = {isa = PBXBuildFile; fileRef = 5C28CC7824C1D1D4009C5910 /* LoginView.swift */; };
		5C8B619924BE2918005868D7 /* GoogleService-Info.plist in Resources */ = {isa = PBXBuildFile; fileRef = 5C8B619824BE2918005868D7 /* GoogleService-Info.plist */; };
		5C8B619A24BE2918005868D7 /* GoogleService-Info.plist in Resources */ = {isa = PBXBuildFile; fileRef = 5C8B619824BE2918005868D7 /* GoogleService-Info.plist */; };
		5C9A4D6C24BE246300AA7FC4 /* FirebaseManager.swift in Sources */ = {isa = PBXBuildFile; fileRef = 5C9A4D6B24BE246300AA7FC4 /* FirebaseManager.swift */; };
		5C9A4D6D24BE246300AA7FC4 /* FirebaseManager.swift in Sources */ = {isa = PBXBuildFile; fileRef = 5C9A4D6B24BE246300AA7FC4 /* FirebaseManager.swift */; };
		5CA1523C24BB854B00455363 /* Tests_iOS.swift in Sources */ = {isa = PBXBuildFile; fileRef = 5CA1523B24BB854B00455363 /* Tests_iOS.swift */; };
		5CA1524724BB854B00455363 /* Tests_macOS.swift in Sources */ = {isa = PBXBuildFile; fileRef = 5CA1524624BB854B00455363 /* Tests_macOS.swift */; };
		5CA1524924BB854B00455363 /* Market_ListApp.swift in Sources */ = {isa = PBXBuildFile; fileRef = 5CA1522024BB854A00455363 /* Market_ListApp.swift */; };
		5CA1524A24BB854B00455363 /* Market_ListApp.swift in Sources */ = {isa = PBXBuildFile; fileRef = 5CA1522024BB854A00455363 /* Market_ListApp.swift */; };
		5CA1524B24BB854B00455363 /* HomeView.swift in Sources */ = {isa = PBXBuildFile; fileRef = 5CA1522124BB854A00455363 /* HomeView.swift */; };
		5CA1524C24BB854B00455363 /* HomeView.swift in Sources */ = {isa = PBXBuildFile; fileRef = 5CA1522124BB854A00455363 /* HomeView.swift */; };
		5CA1524D24BB854B00455363 /* Assets.xcassets in Resources */ = {isa = PBXBuildFile; fileRef = 5CA1522224BB854B00455363 /* Assets.xcassets */; };
		5CA1524E24BB854B00455363 /* Assets.xcassets in Resources */ = {isa = PBXBuildFile; fileRef = 5CA1522224BB854B00455363 /* Assets.xcassets */; };
		5CA1526124BB88D300455363 /* ListPreviewView.swift in Sources */ = {isa = PBXBuildFile; fileRef = 5CA1526024BB88D300455363 /* ListPreviewView.swift */; };
		5CA1526224BB88D300455363 /* ListPreviewView.swift in Sources */ = {isa = PBXBuildFile; fileRef = 5CA1526024BB88D300455363 /* ListPreviewView.swift */; };
		5CE3A34024C3246F008717BA /* Authorization.swift in Sources */ = {isa = PBXBuildFile; fileRef = 5CE3A33F24C3246F008717BA /* Authorization.swift */; };
		5CE3A34124C3246F008717BA /* Authorization.swift in Sources */ = {isa = PBXBuildFile; fileRef = 5CE3A33F24C3246F008717BA /* Authorization.swift */; };
		5CE3A34324C32537008717BA /* EnviromentObjects.swift in Sources */ = {isa = PBXBuildFile; fileRef = 5CE3A34224C32537008717BA /* EnviromentObjects.swift */; };
		5CE3A34424C32537008717BA /* EnviromentObjects.swift in Sources */ = {isa = PBXBuildFile; fileRef = 5CE3A34224C32537008717BA /* EnviromentObjects.swift */; };
		734299928C48D1A60880919C /* Pods_iOS.framework in Frameworks */ = {isa = PBXBuildFile; fileRef = 0066DE89FB642ED94D0BDCAB /* Pods_iOS.framework */; };
		991859F924C44122006A68F5 /* ImagePicker.swift in Sources */ = {isa = PBXBuildFile; fileRef = 991859F824C44122006A68F5 /* ImagePicker.swift */; };
		991859FA24C44122006A68F5 /* ImagePicker.swift in Sources */ = {isa = PBXBuildFile; fileRef = 991859F824C44122006A68F5 /* ImagePicker.swift */; };
		991C6D2024C384C4003D1FF2 /* SignUpView.swift in Sources */ = {isa = PBXBuildFile; fileRef = 991C6D1F24C384C4003D1FF2 /* SignUpView.swift */; };
		991C6D2124C384C4003D1FF2 /* SignUpView.swift in Sources */ = {isa = PBXBuildFile; fileRef = 991C6D1F24C384C4003D1FF2 /* SignUpView.swift */; };
		9931373824C39DA600351170 /* List.swift in Sources */ = {isa = PBXBuildFile; fileRef = 9931373724C39DA600351170 /* List.swift */; };
		9931373924C39DA600351170 /* List.swift in Sources */ = {isa = PBXBuildFile; fileRef = 9931373724C39DA600351170 /* List.swift */; };
		99862A5924C3A868001A958E /* GradientTextField.swift in Sources */ = {isa = PBXBuildFile; fileRef = 99862A5824C3A868001A958E /* GradientTextField.swift */; };
		99862A5A24C3A868001A958E /* GradientTextField.swift in Sources */ = {isa = PBXBuildFile; fileRef = 99862A5824C3A868001A958E /* GradientTextField.swift */; };
		ED74AE753DE1E38609CB0E95 /* Pods_macOS.framework in Frameworks */ = {isa = PBXBuildFile; fileRef = DA22A0349D22FBA792AB5EE1 /* Pods_macOS.framework */; };
/* End PBXBuildFile section */

/* Begin PBXContainerItemProxy section */
		5CA1523824BB854B00455363 /* PBXContainerItemProxy */ = {
			isa = PBXContainerItemProxy;
			containerPortal = 5CA1521B24BB854A00455363 /* Project object */;
			proxyType = 1;
			remoteGlobalIDString = 5CA1522624BB854B00455363;
			remoteInfo = iOS;
		};
		5CA1524324BB854B00455363 /* PBXContainerItemProxy */ = {
			isa = PBXContainerItemProxy;
			containerPortal = 5CA1521B24BB854A00455363 /* Project object */;
			proxyType = 1;
			remoteGlobalIDString = 5CA1522E24BB854B00455363;
			remoteInfo = macOS;
		};
/* End PBXContainerItemProxy section */

/* Begin PBXFileReference section */
		0066DE89FB642ED94D0BDCAB /* Pods_iOS.framework */ = {isa = PBXFileReference; explicitFileType = wrapper.framework; includeInIndex = 0; path = Pods_iOS.framework; sourceTree = BUILT_PRODUCTS_DIR; };
		5C1D50F424C24A01009DF92C /* ProductList.swift */ = {isa = PBXFileReference; lastKnownFileType = sourcecode.swift; path = ProductList.swift; sourceTree = "<group>"; };
		5C1D50F724C24A1D009DF92C /* Product.swift */ = {isa = PBXFileReference; lastKnownFileType = sourcecode.swift; path = Product.swift; sourceTree = "<group>"; };
		5C2577EF24BE2EF900F62FB5 /* User.swift */ = {isa = PBXFileReference; lastKnownFileType = sourcecode.swift; path = User.swift; sourceTree = "<group>"; };
		5C28CC7824C1D1D4009C5910 /* LoginView.swift */ = {isa = PBXFileReference; lastKnownFileType = sourcecode.swift; path = LoginView.swift; sourceTree = "<group>"; };
		5C8B619824BE2918005868D7 /* GoogleService-Info.plist */ = {isa = PBXFileReference; fileEncoding = 4; lastKnownFileType = text.plist.xml; path = "GoogleService-Info.plist"; sourceTree = "<group>"; };
		5C9A4D6B24BE246300AA7FC4 /* FirebaseManager.swift */ = {isa = PBXFileReference; lastKnownFileType = sourcecode.swift; path = FirebaseManager.swift; sourceTree = "<group>"; };
		5CA1522024BB854A00455363 /* Market_ListApp.swift */ = {isa = PBXFileReference; lastKnownFileType = sourcecode.swift; path = Market_ListApp.swift; sourceTree = "<group>"; };
		5CA1522124BB854A00455363 /* HomeView.swift */ = {isa = PBXFileReference; lastKnownFileType = sourcecode.swift; path = HomeView.swift; sourceTree = "<group>"; };
		5CA1522224BB854B00455363 /* Assets.xcassets */ = {isa = PBXFileReference; lastKnownFileType = folder.assetcatalog; path = Assets.xcassets; sourceTree = "<group>"; };
		5CA1522724BB854B00455363 /* Market List.app */ = {isa = PBXFileReference; explicitFileType = wrapper.application; includeInIndex = 0; path = "Market List.app"; sourceTree = BUILT_PRODUCTS_DIR; };
		5CA1522A24BB854B00455363 /* Info.plist */ = {isa = PBXFileReference; lastKnownFileType = text.plist.xml; path = Info.plist; sourceTree = "<group>"; };
		5CA1522F24BB854B00455363 /* Market List.app */ = {isa = PBXFileReference; explicitFileType = wrapper.application; includeInIndex = 0; path = "Market List.app"; sourceTree = BUILT_PRODUCTS_DIR; };
		5CA1523124BB854B00455363 /* Info.plist */ = {isa = PBXFileReference; lastKnownFileType = text.plist.xml; path = Info.plist; sourceTree = "<group>"; };
		5CA1523224BB854B00455363 /* macOS.entitlements */ = {isa = PBXFileReference; lastKnownFileType = text.plist.entitlements; path = macOS.entitlements; sourceTree = "<group>"; };
		5CA1523724BB854B00455363 /* Tests iOS.xctest */ = {isa = PBXFileReference; explicitFileType = wrapper.cfbundle; includeInIndex = 0; path = "Tests iOS.xctest"; sourceTree = BUILT_PRODUCTS_DIR; };
		5CA1523B24BB854B00455363 /* Tests_iOS.swift */ = {isa = PBXFileReference; lastKnownFileType = sourcecode.swift; path = Tests_iOS.swift; sourceTree = "<group>"; };
		5CA1523D24BB854B00455363 /* Info.plist */ = {isa = PBXFileReference; lastKnownFileType = text.plist.xml; path = Info.plist; sourceTree = "<group>"; };
		5CA1524224BB854B00455363 /* Tests macOS.xctest */ = {isa = PBXFileReference; explicitFileType = wrapper.cfbundle; includeInIndex = 0; path = "Tests macOS.xctest"; sourceTree = BUILT_PRODUCTS_DIR; };
		5CA1524624BB854B00455363 /* Tests_macOS.swift */ = {isa = PBXFileReference; lastKnownFileType = sourcecode.swift; path = Tests_macOS.swift; sourceTree = "<group>"; };
		5CA1524824BB854B00455363 /* Info.plist */ = {isa = PBXFileReference; lastKnownFileType = text.plist.xml; path = Info.plist; sourceTree = "<group>"; };
		5CA1526024BB88D300455363 /* ListPreviewView.swift */ = {isa = PBXFileReference; lastKnownFileType = sourcecode.swift; path = ListPreviewView.swift; sourceTree = "<group>"; };
		5CE3A33F24C3246F008717BA /* Authorization.swift */ = {isa = PBXFileReference; lastKnownFileType = sourcecode.swift; path = Authorization.swift; sourceTree = "<group>"; };
		5CE3A34224C32537008717BA /* EnviromentObjects.swift */ = {isa = PBXFileReference; lastKnownFileType = sourcecode.swift; path = EnviromentObjects.swift; sourceTree = "<group>"; };
		6965FAC33E44C7B38005D16F /* Pods-iOS.release.xcconfig */ = {isa = PBXFileReference; includeInIndex = 1; lastKnownFileType = text.xcconfig; name = "Pods-iOS.release.xcconfig"; path = "Target Support Files/Pods-iOS/Pods-iOS.release.xcconfig"; sourceTree = "<group>"; };
		758F788F467340AD42AA2783 /* Pods-macOS.debug.xcconfig */ = {isa = PBXFileReference; includeInIndex = 1; lastKnownFileType = text.xcconfig; name = "Pods-macOS.debug.xcconfig"; path = "Target Support Files/Pods-macOS/Pods-macOS.debug.xcconfig"; sourceTree = "<group>"; };
		991859F824C44122006A68F5 /* ImagePicker.swift */ = {isa = PBXFileReference; lastKnownFileType = sourcecode.swift; path = ImagePicker.swift; sourceTree = "<group>"; };
		991C6D1F24C384C4003D1FF2 /* SignUpView.swift */ = {isa = PBXFileReference; lastKnownFileType = sourcecode.swift; path = SignUpView.swift; sourceTree = "<group>"; };
		9931373724C39DA600351170 /* List.swift */ = {isa = PBXFileReference; fileEncoding = 4; lastKnownFileType = sourcecode.swift; path = List.swift; sourceTree = "<group>"; };
		99862A5824C3A868001A958E /* GradientTextField.swift */ = {isa = PBXFileReference; lastKnownFileType = sourcecode.swift; path = GradientTextField.swift; sourceTree = "<group>"; };
		99862A5B24C3ADAE001A958E /* Market List.entitlements */ = {isa = PBXFileReference; lastKnownFileType = text.plist.entitlements; path = "Market List.entitlements"; sourceTree = "<group>"; };
		BF8F6E3B9270804ADAB426DD /* Pods-iOS.debug.xcconfig */ = {isa = PBXFileReference; includeInIndex = 1; lastKnownFileType = text.xcconfig; name = "Pods-iOS.debug.xcconfig"; path = "Target Support Files/Pods-iOS/Pods-iOS.debug.xcconfig"; sourceTree = "<group>"; };
		D9C1BD59CB8C9D31BFA7CEAF /* Pods-macOS.release.xcconfig */ = {isa = PBXFileReference; includeInIndex = 1; lastKnownFileType = text.xcconfig; name = "Pods-macOS.release.xcconfig"; path = "Target Support Files/Pods-macOS/Pods-macOS.release.xcconfig"; sourceTree = "<group>"; };
		DA22A0349D22FBA792AB5EE1 /* Pods_macOS.framework */ = {isa = PBXFileReference; explicitFileType = wrapper.framework; includeInIndex = 0; path = Pods_macOS.framework; sourceTree = BUILT_PRODUCTS_DIR; };
/* End PBXFileReference section */

/* Begin PBXFrameworksBuildPhase section */
		5CA1522424BB854B00455363 /* Frameworks */ = {
			isa = PBXFrameworksBuildPhase;
			buildActionMask = 2147483647;
			files = (
				734299928C48D1A60880919C /* Pods_iOS.framework in Frameworks */,
			);
			runOnlyForDeploymentPostprocessing = 0;
		};
		5CA1522C24BB854B00455363 /* Frameworks */ = {
			isa = PBXFrameworksBuildPhase;
			buildActionMask = 2147483647;
			files = (
				ED74AE753DE1E38609CB0E95 /* Pods_macOS.framework in Frameworks */,
			);
			runOnlyForDeploymentPostprocessing = 0;
		};
		5CA1523424BB854B00455363 /* Frameworks */ = {
			isa = PBXFrameworksBuildPhase;
			buildActionMask = 2147483647;
			files = (
			);
			runOnlyForDeploymentPostprocessing = 0;
		};
		5CA1523F24BB854B00455363 /* Frameworks */ = {
			isa = PBXFrameworksBuildPhase;
			buildActionMask = 2147483647;
			files = (
			);
			runOnlyForDeploymentPostprocessing = 0;
		};
/* End PBXFrameworksBuildPhase section */

/* Begin PBXGroup section */
		0E64B3275A0D769A82EEC6FB /* Pods */ = {
			isa = PBXGroup;
			children = (
				BF8F6E3B9270804ADAB426DD /* Pods-iOS.debug.xcconfig */,
				6965FAC33E44C7B38005D16F /* Pods-iOS.release.xcconfig */,
				758F788F467340AD42AA2783 /* Pods-macOS.debug.xcconfig */,
				D9C1BD59CB8C9D31BFA7CEAF /* Pods-macOS.release.xcconfig */,
			);
			path = Pods;
			sourceTree = "<group>";
		};
		5C1D50FA24C24A45009DF92C /* Model */ = {
			isa = PBXGroup;
			children = (
				9931373724C39DA600351170 /* List.swift */,
				5C2577EF24BE2EF900F62FB5 /* User.swift */,
				5C1D50F424C24A01009DF92C /* ProductList.swift */,
				5C1D50F724C24A1D009DF92C /* Product.swift */,
			);
			path = Model;
			sourceTree = "<group>";
		};
		5CA1521A24BB854A00455363 = {
			isa = PBXGroup;
			children = (
				5CA1521F24BB854A00455363 /* Shared */,
				5CA1522924BB854B00455363 /* iOS */,
				5CA1523024BB854B00455363 /* macOS */,
				5CA1523A24BB854B00455363 /* Tests iOS */,
				5CA1524524BB854B00455363 /* Tests macOS */,
				5CA1522824BB854B00455363 /* Products */,
				0E64B3275A0D769A82EEC6FB /* Pods */,
				F008C47D0E23E037486609E8 /* Frameworks */,
			);
			sourceTree = "<group>";
		};
		5CA1521F24BB854A00455363 /* Shared */ = {
			isa = PBXGroup;
			children = (
				5C8B619824BE2918005868D7 /* GoogleService-Info.plist */,
				5CE3A33F24C3246F008717BA /* Authorization.swift */,
				5CE3A34224C32537008717BA /* EnviromentObjects.swift */,
				5C9A4D6B24BE246300AA7FC4 /* FirebaseManager.swift */,
				991859F824C44122006A68F5 /* ImagePicker.swift */,
				99862A5824C3A868001A958E /* GradientTextField.swift */,
				5CA1522124BB854A00455363 /* HomeView.swift */,
				5CA1526024BB88D300455363 /* ListPreviewView.swift */,
				5C28CC7824C1D1D4009C5910 /* LoginView.swift */,
				5CA1522024BB854A00455363 /* Market_ListApp.swift */,
				991C6D1F24C384C4003D1FF2 /* SignUpView.swift */,
				5CA1522224BB854B00455363 /* Assets.xcassets */,
				5C1D50FA24C24A45009DF92C /* Model */,
			);
			path = Shared;
			sourceTree = "<group>";
		};
		5CA1522824BB854B00455363 /* Products */ = {
			isa = PBXGroup;
			children = (
				5CA1522724BB854B00455363 /* Market List.app */,
				5CA1522F24BB854B00455363 /* Market List.app */,
				5CA1523724BB854B00455363 /* Tests iOS.xctest */,
				5CA1524224BB854B00455363 /* Tests macOS.xctest */,
			);
			name = Products;
			sourceTree = "<group>";
		};
		5CA1522924BB854B00455363 /* iOS */ = {
			isa = PBXGroup;
			children = (
				99862A5B24C3ADAE001A958E /* Market List.entitlements */,
				5CA1522A24BB854B00455363 /* Info.plist */,
			);
			path = iOS;
			sourceTree = "<group>";
		};
		5CA1523024BB854B00455363 /* macOS */ = {
			isa = PBXGroup;
			children = (
				5CA1523124BB854B00455363 /* Info.plist */,
				5CA1523224BB854B00455363 /* macOS.entitlements */,
			);
			path = macOS;
			sourceTree = "<group>";
		};
		5CA1523A24BB854B00455363 /* Tests iOS */ = {
			isa = PBXGroup;
			children = (
				5CA1523B24BB854B00455363 /* Tests_iOS.swift */,
				5CA1523D24BB854B00455363 /* Info.plist */,
			);
			path = "Tests iOS";
			sourceTree = "<group>";
		};
		5CA1524524BB854B00455363 /* Tests macOS */ = {
			isa = PBXGroup;
			children = (
				5CA1524624BB854B00455363 /* Tests_macOS.swift */,
				5CA1524824BB854B00455363 /* Info.plist */,
			);
			path = "Tests macOS";
			sourceTree = "<group>";
		};
		F008C47D0E23E037486609E8 /* Frameworks */ = {
			isa = PBXGroup;
			children = (
				0066DE89FB642ED94D0BDCAB /* Pods_iOS.framework */,
				DA22A0349D22FBA792AB5EE1 /* Pods_macOS.framework */,
			);
			name = Frameworks;
			sourceTree = "<group>";
		};
/* End PBXGroup section */

/* Begin PBXNativeTarget section */
		5CA1522624BB854B00455363 /* iOS */ = {
			isa = PBXNativeTarget;
			buildConfigurationList = 5CA1525124BB854B00455363 /* Build configuration list for PBXNativeTarget "iOS" */;
			buildPhases = (
				4536F33135194770961F51AB /* [CP] Check Pods Manifest.lock */,
				5CA1522324BB854B00455363 /* Sources */,
				5CA1522424BB854B00455363 /* Frameworks */,
				5CA1522524BB854B00455363 /* Resources */,
				2D6CEB4D8B174773873E6993 /* [CP] Embed Pods Frameworks */,
			);
			buildRules = (
			);
			dependencies = (
			);
			name = iOS;
			productName = iOS;
			productReference = 5CA1522724BB854B00455363 /* Market List.app */;
			productType = "com.apple.product-type.application";
		};
		5CA1522E24BB854B00455363 /* macOS */ = {
			isa = PBXNativeTarget;
			buildConfigurationList = 5CA1525424BB854B00455363 /* Build configuration list for PBXNativeTarget "macOS" */;
			buildPhases = (
				EA1F7CD2E71B875D665004A5 /* [CP] Check Pods Manifest.lock */,
				5CA1522B24BB854B00455363 /* Sources */,
				5CA1522C24BB854B00455363 /* Frameworks */,
				5CA1522D24BB854B00455363 /* Resources */,
			);
			buildRules = (
			);
			dependencies = (
			);
			name = macOS;
			productName = macOS;
			productReference = 5CA1522F24BB854B00455363 /* Market List.app */;
			productType = "com.apple.product-type.application";
		};
		5CA1523624BB854B00455363 /* Tests iOS */ = {
			isa = PBXNativeTarget;
			buildConfigurationList = 5CA1525724BB854B00455363 /* Build configuration list for PBXNativeTarget "Tests iOS" */;
			buildPhases = (
				5CA1523324BB854B00455363 /* Sources */,
				5CA1523424BB854B00455363 /* Frameworks */,
				5CA1523524BB854B00455363 /* Resources */,
			);
			buildRules = (
			);
			dependencies = (
				5CA1523924BB854B00455363 /* PBXTargetDependency */,
			);
			name = "Tests iOS";
			productName = "Tests iOS";
			productReference = 5CA1523724BB854B00455363 /* Tests iOS.xctest */;
			productType = "com.apple.product-type.bundle.ui-testing";
		};
		5CA1524124BB854B00455363 /* Tests macOS */ = {
			isa = PBXNativeTarget;
			buildConfigurationList = 5CA1525A24BB854B00455363 /* Build configuration list for PBXNativeTarget "Tests macOS" */;
			buildPhases = (
				5CA1523E24BB854B00455363 /* Sources */,
				5CA1523F24BB854B00455363 /* Frameworks */,
				5CA1524024BB854B00455363 /* Resources */,
			);
			buildRules = (
			);
			dependencies = (
				5CA1524424BB854B00455363 /* PBXTargetDependency */,
			);
			name = "Tests macOS";
			productName = "Tests macOS";
			productReference = 5CA1524224BB854B00455363 /* Tests macOS.xctest */;
			productType = "com.apple.product-type.bundle.ui-testing";
		};
/* End PBXNativeTarget section */

/* Begin PBXProject section */
		5CA1521B24BB854A00455363 /* Project object */ = {
			isa = PBXProject;
			attributes = {
				BuildIndependentTargetsInParallel = YES;
				LastSwiftUpdateCheck = 1200;
				LastUpgradeCheck = 1430;
				TargetAttributes = {
					5CA1522624BB854B00455363 = {
						CreatedOnToolsVersion = 12.0;
					};
					5CA1522E24BB854B00455363 = {
						CreatedOnToolsVersion = 12.0;
					};
					5CA1523624BB854B00455363 = {
						CreatedOnToolsVersion = 12.0;
						TestTargetID = 5CA1522624BB854B00455363;
					};
					5CA1524124BB854B00455363 = {
						CreatedOnToolsVersion = 12.0;
						TestTargetID = 5CA1522E24BB854B00455363;
					};
				};
			};
			buildConfigurationList = 5CA1521E24BB854A00455363 /* Build configuration list for PBXProject "Market List" */;
			compatibilityVersion = "Xcode 9.3";
			developmentRegion = en;
			hasScannedForEncodings = 0;
			knownRegions = (
				en,
				Base,
			);
			mainGroup = 5CA1521A24BB854A00455363;
			productRefGroup = 5CA1522824BB854B00455363 /* Products */;
			projectDirPath = "";
			projectRoot = "";
			targets = (
				5CA1522624BB854B00455363 /* iOS */,
				5CA1522E24BB854B00455363 /* macOS */,
				5CA1523624BB854B00455363 /* Tests iOS */,
				5CA1524124BB854B00455363 /* Tests macOS */,
			);
		};
/* End PBXProject section */

/* Begin PBXResourcesBuildPhase section */
		5CA1522524BB854B00455363 /* Resources */ = {
			isa = PBXResourcesBuildPhase;
			buildActionMask = 2147483647;
			files = (
				5CA1524D24BB854B00455363 /* Assets.xcassets in Resources */,
				5C8B619924BE2918005868D7 /* GoogleService-Info.plist in Resources */,
			);
			runOnlyForDeploymentPostprocessing = 0;
		};
		5CA1522D24BB854B00455363 /* Resources */ = {
			isa = PBXResourcesBuildPhase;
			buildActionMask = 2147483647;
			files = (
				5CA1524E24BB854B00455363 /* Assets.xcassets in Resources */,
				5C8B619A24BE2918005868D7 /* GoogleService-Info.plist in Resources */,
			);
			runOnlyForDeploymentPostprocessing = 0;
		};
		5CA1523524BB854B00455363 /* Resources */ = {
			isa = PBXResourcesBuildPhase;
			buildActionMask = 2147483647;
			files = (
			);
			runOnlyForDeploymentPostprocessing = 0;
		};
		5CA1524024BB854B00455363 /* Resources */ = {
			isa = PBXResourcesBuildPhase;
			buildActionMask = 2147483647;
			files = (
			);
			runOnlyForDeploymentPostprocessing = 0;
		};
/* End PBXResourcesBuildPhase section */

/* Begin PBXShellScriptBuildPhase section */
		2D6CEB4D8B174773873E6993 /* [CP] Embed Pods Frameworks */ = {
			isa = PBXShellScriptBuildPhase;
			buildActionMask = 2147483647;
			files = (
			);
			inputFileListPaths = (
				"${PODS_ROOT}/Target Support Files/Pods-iOS/Pods-iOS-frameworks-${CONFIGURATION}-input-files.xcfilelist",
			);
			name = "[CP] Embed Pods Frameworks";
			outputFileListPaths = (
				"${PODS_ROOT}/Target Support Files/Pods-iOS/Pods-iOS-frameworks-${CONFIGURATION}-output-files.xcfilelist",
			);
			runOnlyForDeploymentPostprocessing = 0;
			shellPath = /bin/sh;
			shellScript = "\"${PODS_ROOT}/Target Support Files/Pods-iOS/Pods-iOS-frameworks.sh\"\n";
			showEnvVarsInLog = 0;
		};
		4536F33135194770961F51AB /* [CP] Check Pods Manifest.lock */ = {
			isa = PBXShellScriptBuildPhase;
			buildActionMask = 2147483647;
			files = (
			);
			inputFileListPaths = (
			);
			inputPaths = (
				"${PODS_PODFILE_DIR_PATH}/Podfile.lock",
				"${PODS_ROOT}/Manifest.lock",
			);
			name = "[CP] Check Pods Manifest.lock";
			outputFileListPaths = (
			);
			outputPaths = (
				"$(DERIVED_FILE_DIR)/Pods-iOS-checkManifestLockResult.txt",
			);
			runOnlyForDeploymentPostprocessing = 0;
			shellPath = /bin/sh;
			shellScript = "diff \"${PODS_PODFILE_DIR_PATH}/Podfile.lock\" \"${PODS_ROOT}/Manifest.lock\" > /dev/null\nif [ $? != 0 ] ; then\n    # print error to STDERR\n    echo \"error: The sandbox is not in sync with the Podfile.lock. Run 'pod install' or update your CocoaPods installation.\" >&2\n    exit 1\nfi\n# This output is used by Xcode 'outputs' to avoid re-running this script phase.\necho \"SUCCESS\" > \"${SCRIPT_OUTPUT_FILE_0}\"\n";
			showEnvVarsInLog = 0;
		};
		EA1F7CD2E71B875D665004A5 /* [CP] Check Pods Manifest.lock */ = {
			isa = PBXShellScriptBuildPhase;
			buildActionMask = 2147483647;
			files = (
			);
			inputFileListPaths = (
			);
			inputPaths = (
				"${PODS_PODFILE_DIR_PATH}/Podfile.lock",
				"${PODS_ROOT}/Manifest.lock",
			);
			name = "[CP] Check Pods Manifest.lock";
			outputFileListPaths = (
			);
			outputPaths = (
				"$(DERIVED_FILE_DIR)/Pods-macOS-checkManifestLockResult.txt",
			);
			runOnlyForDeploymentPostprocessing = 0;
			shellPath = /bin/sh;
			shellScript = "diff \"${PODS_PODFILE_DIR_PATH}/Podfile.lock\" \"${PODS_ROOT}/Manifest.lock\" > /dev/null\nif [ $? != 0 ] ; then\n    # print error to STDERR\n    echo \"error: The sandbox is not in sync with the Podfile.lock. Run 'pod install' or update your CocoaPods installation.\" >&2\n    exit 1\nfi\n# This output is used by Xcode 'outputs' to avoid re-running this script phase.\necho \"SUCCESS\" > \"${SCRIPT_OUTPUT_FILE_0}\"\n";
			showEnvVarsInLog = 0;
		};
/* End PBXShellScriptBuildPhase section */

/* Begin PBXSourcesBuildPhase section */
		5CA1522324BB854B00455363 /* Sources */ = {
			isa = PBXSourcesBuildPhase;
			buildActionMask = 2147483647;
			files = (
				5CA1524B24BB854B00455363 /* HomeView.swift in Sources */,
				5C1D50F524C24A01009DF92C /* ProductList.swift in Sources */,
				5C1D50F824C24A1D009DF92C /* Product.swift in Sources */,
				991859F924C44122006A68F5 /* ImagePicker.swift in Sources */,
				5C28CC7924C1D1D4009C5910 /* LoginView.swift in Sources */,
				9931373824C39DA600351170 /* List.swift in Sources */,
				5CA1526124BB88D300455363 /* ListPreviewView.swift in Sources */,
				99862A5924C3A868001A958E /* GradientTextField.swift in Sources */,
				5C2577F024BE2EF900F62FB5 /* User.swift in Sources */,
				991C6D2024C384C4003D1FF2 /* SignUpView.swift in Sources */,
				5C9A4D6C24BE246300AA7FC4 /* FirebaseManager.swift in Sources */,
				5CA1524924BB854B00455363 /* Market_ListApp.swift in Sources */,
				5CE3A34324C32537008717BA /* EnviromentObjects.swift in Sources */,
				5CE3A34024C3246F008717BA /* Authorization.swift in Sources */,
			);
			runOnlyForDeploymentPostprocessing = 0;
		};
		5CA1522B24BB854B00455363 /* Sources */ = {
			isa = PBXSourcesBuildPhase;
			buildActionMask = 2147483647;
			files = (
				5CA1524C24BB854B00455363 /* HomeView.swift in Sources */,
				5C1D50F624C24A01009DF92C /* ProductList.swift in Sources */,
				5C1D50F924C24A1D009DF92C /* Product.swift in Sources */,
				991859FA24C44122006A68F5 /* ImagePicker.swift in Sources */,
				5C28CC7A24C1D1D4009C5910 /* LoginView.swift in Sources */,
				9931373924C39DA600351170 /* List.swift in Sources */,
				5CA1526224BB88D300455363 /* ListPreviewView.swift in Sources */,
				99862A5A24C3A868001A958E /* GradientTextField.swift in Sources */,
				5C2577F124BE2EF900F62FB5 /* User.swift in Sources */,
				991C6D2124C384C4003D1FF2 /* SignUpView.swift in Sources */,
				5C9A4D6D24BE246300AA7FC4 /* FirebaseManager.swift in Sources */,
				5CA1524A24BB854B00455363 /* Market_ListApp.swift in Sources */,
				5CE3A34424C32537008717BA /* EnviromentObjects.swift in Sources */,
				5CE3A34124C3246F008717BA /* Authorization.swift in Sources */,
			);
			runOnlyForDeploymentPostprocessing = 0;
		};
		5CA1523324BB854B00455363 /* Sources */ = {
			isa = PBXSourcesBuildPhase;
			buildActionMask = 2147483647;
			files = (
				5CA1523C24BB854B00455363 /* Tests_iOS.swift in Sources */,
			);
			runOnlyForDeploymentPostprocessing = 0;
		};
		5CA1523E24BB854B00455363 /* Sources */ = {
			isa = PBXSourcesBuildPhase;
			buildActionMask = 2147483647;
			files = (
				5CA1524724BB854B00455363 /* Tests_macOS.swift in Sources */,
			);
			runOnlyForDeploymentPostprocessing = 0;
		};
/* End PBXSourcesBuildPhase section */

/* Begin PBXTargetDependency section */
		5CA1523924BB854B00455363 /* PBXTargetDependency */ = {
			isa = PBXTargetDependency;
			target = 5CA1522624BB854B00455363 /* iOS */;
			targetProxy = 5CA1523824BB854B00455363 /* PBXContainerItemProxy */;
		};
		5CA1524424BB854B00455363 /* PBXTargetDependency */ = {
			isa = PBXTargetDependency;
			target = 5CA1522E24BB854B00455363 /* macOS */;
			targetProxy = 5CA1524324BB854B00455363 /* PBXContainerItemProxy */;
		};
/* End PBXTargetDependency section */

/* Begin XCBuildConfiguration section */
		5CA1524F24BB854B00455363 /* Debug */ = {
			isa = XCBuildConfiguration;
			buildSettings = {
				ALWAYS_SEARCH_USER_PATHS = NO;
				CLANG_ANALYZER_NONNULL = YES;
				CLANG_ANALYZER_NUMBER_OBJECT_CONVERSION = YES_AGGRESSIVE;
				CLANG_CXX_LANGUAGE_STANDARD = "gnu++14";
				CLANG_CXX_LIBRARY = "libc++";
				CLANG_ENABLE_MODULES = YES;
				CLANG_ENABLE_OBJC_ARC = YES;
				CLANG_ENABLE_OBJC_WEAK = YES;
				CLANG_WARN_BLOCK_CAPTURE_AUTORELEASING = YES;
				CLANG_WARN_BOOL_CONVERSION = YES;
				CLANG_WARN_COMMA = YES;
				CLANG_WARN_CONSTANT_CONVERSION = YES;
				CLANG_WARN_DEPRECATED_OBJC_IMPLEMENTATIONS = YES;
				CLANG_WARN_DIRECT_OBJC_ISA_USAGE = YES_ERROR;
				CLANG_WARN_DOCUMENTATION_COMMENTS = YES;
				CLANG_WARN_EMPTY_BODY = YES;
				CLANG_WARN_ENUM_CONVERSION = YES;
				CLANG_WARN_INFINITE_RECURSION = YES;
				CLANG_WARN_INT_CONVERSION = YES;
				CLANG_WARN_NON_LITERAL_NULL_CONVERSION = YES;
				CLANG_WARN_OBJC_IMPLICIT_RETAIN_SELF = YES;
				CLANG_WARN_OBJC_LITERAL_CONVERSION = YES;
				CLANG_WARN_OBJC_ROOT_CLASS = YES_ERROR;
				CLANG_WARN_QUOTED_INCLUDE_IN_FRAMEWORK_HEADER = YES;
				CLANG_WARN_RANGE_LOOP_ANALYSIS = YES;
				CLANG_WARN_STRICT_PROTOTYPES = YES;
				CLANG_WARN_SUSPICIOUS_MOVE = YES;
				CLANG_WARN_UNGUARDED_AVAILABILITY = YES_AGGRESSIVE;
				CLANG_WARN_UNREACHABLE_CODE = YES;
				CLANG_WARN__DUPLICATE_METHOD_MATCH = YES;
				COPY_PHASE_STRIP = NO;
				DEAD_CODE_STRIPPING = YES;
				DEBUG_INFORMATION_FORMAT = dwarf;
				ENABLE_STRICT_OBJC_MSGSEND = YES;
				ENABLE_TESTABILITY = YES;
				GCC_C_LANGUAGE_STANDARD = gnu11;
				GCC_DYNAMIC_NO_PIC = NO;
				GCC_NO_COMMON_BLOCKS = YES;
				GCC_OPTIMIZATION_LEVEL = 0;
				GCC_PREPROCESSOR_DEFINITIONS = (
					"DEBUG=1",
					"$(inherited)",
				);
				GCC_WARN_64_TO_32_BIT_CONVERSION = YES;
				GCC_WARN_ABOUT_RETURN_TYPE = YES_ERROR;
				GCC_WARN_UNDECLARED_SELECTOR = YES;
				GCC_WARN_UNINITIALIZED_AUTOS = YES_AGGRESSIVE;
				GCC_WARN_UNUSED_FUNCTION = YES;
				GCC_WARN_UNUSED_VARIABLE = YES;
				IPHONEOS_DEPLOYMENT_TARGET = 14.0;
				MACOSX_DEPLOYMENT_TARGET = 10.16;
				MTL_ENABLE_DEBUG_INFO = INCLUDE_SOURCE;
				MTL_FAST_MATH = YES;
				ONLY_ACTIVE_ARCH = YES;
				SWIFT_ACTIVE_COMPILATION_CONDITIONS = DEBUG;
				SWIFT_OPTIMIZATION_LEVEL = "-O";
				SWIFT_VERSION = 5.0;
			};
			name = Debug;
		};
		5CA1525024BB854B00455363 /* Release */ = {
			isa = XCBuildConfiguration;
			buildSettings = {
				ALWAYS_SEARCH_USER_PATHS = NO;
				CLANG_ANALYZER_NONNULL = YES;
				CLANG_ANALYZER_NUMBER_OBJECT_CONVERSION = YES_AGGRESSIVE;
				CLANG_CXX_LANGUAGE_STANDARD = "gnu++14";
				CLANG_CXX_LIBRARY = "libc++";
				CLANG_ENABLE_MODULES = YES;
				CLANG_ENABLE_OBJC_ARC = YES;
				CLANG_ENABLE_OBJC_WEAK = YES;
				CLANG_WARN_BLOCK_CAPTURE_AUTORELEASING = YES;
				CLANG_WARN_BOOL_CONVERSION = YES;
				CLANG_WARN_COMMA = YES;
				CLANG_WARN_CONSTANT_CONVERSION = YES;
				CLANG_WARN_DEPRECATED_OBJC_IMPLEMENTATIONS = YES;
				CLANG_WARN_DIRECT_OBJC_ISA_USAGE = YES_ERROR;
				CLANG_WARN_DOCUMENTATION_COMMENTS = YES;
				CLANG_WARN_EMPTY_BODY = YES;
				CLANG_WARN_ENUM_CONVERSION = YES;
				CLANG_WARN_INFINITE_RECURSION = YES;
				CLANG_WARN_INT_CONVERSION = YES;
				CLANG_WARN_NON_LITERAL_NULL_CONVERSION = YES;
				CLANG_WARN_OBJC_IMPLICIT_RETAIN_SELF = YES;
				CLANG_WARN_OBJC_LITERAL_CONVERSION = YES;
				CLANG_WARN_OBJC_ROOT_CLASS = YES_ERROR;
				CLANG_WARN_QUOTED_INCLUDE_IN_FRAMEWORK_HEADER = YES;
				CLANG_WARN_RANGE_LOOP_ANALYSIS = YES;
				CLANG_WARN_STRICT_PROTOTYPES = YES;
				CLANG_WARN_SUSPICIOUS_MOVE = YES;
				CLANG_WARN_UNGUARDED_AVAILABILITY = YES_AGGRESSIVE;
				CLANG_WARN_UNREACHABLE_CODE = YES;
				CLANG_WARN__DUPLICATE_METHOD_MATCH = YES;
				COPY_PHASE_STRIP = NO;
				DEAD_CODE_STRIPPING = YES;
				DEBUG_INFORMATION_FORMAT = "dwarf-with-dsym";
				ENABLE_NS_ASSERTIONS = NO;
				ENABLE_STRICT_OBJC_MSGSEND = YES;
				GCC_C_LANGUAGE_STANDARD = gnu11;
				GCC_NO_COMMON_BLOCKS = YES;
				GCC_WARN_64_TO_32_BIT_CONVERSION = YES;
				GCC_WARN_ABOUT_RETURN_TYPE = YES_ERROR;
				GCC_WARN_UNDECLARED_SELECTOR = YES;
				GCC_WARN_UNINITIALIZED_AUTOS = YES_AGGRESSIVE;
				GCC_WARN_UNUSED_FUNCTION = YES;
				GCC_WARN_UNUSED_VARIABLE = YES;
				IPHONEOS_DEPLOYMENT_TARGET = 14.0;
				MACOSX_DEPLOYMENT_TARGET = 10.16;
				MTL_ENABLE_DEBUG_INFO = NO;
				MTL_FAST_MATH = YES;
				SWIFT_COMPILATION_MODE = wholemodule;
				SWIFT_OPTIMIZATION_LEVEL = "-O";
				SWIFT_VERSION = 5.0;
			};
			name = Release;
		};
		5CA1525224BB854B00455363 /* Debug */ = {
			isa = XCBuildConfiguration;
			baseConfigurationReference = BF8F6E3B9270804ADAB426DD /* Pods-iOS.debug.xcconfig */;
			buildSettings = {
				ASSETCATALOG_COMPILER_APPICON_NAME = AppIcon;
				ASSETCATALOG_COMPILER_GLOBAL_ACCENT_COLOR_NAME = AccentColor;
				CODE_SIGN_ENTITLEMENTS = "iOS/Market List.entitlements";
				CODE_SIGN_STYLE = Automatic;
				DEVELOPMENT_TEAM = G7CN72P9F4;
				ENABLE_PREVIEWS = YES;
				INFOPLIST_FILE = iOS/Info.plist;
				INFOPLIST_KEY_LSApplicationCategoryType = "public.app-category.utilities";
				IPHONEOS_DEPLOYMENT_TARGET = 16.0;
				LD_RUNPATH_SEARCH_PATHS = (
					"$(inherited)",
					"@executable_path/Frameworks",
				);
				PRODUCT_BUNDLE_IDENTIFIER = "com.Arsalan.Market-List";
				PRODUCT_NAME = "Market List";
				SDKROOT = iphoneos;
				SWIFT_OPTIMIZATION_LEVEL = "-Onone";
				SWIFT_VERSION = 5.0;
				TARGETED_DEVICE_FAMILY = "1,2";
			};
			name = Debug;
		};
		5CA1525324BB854B00455363 /* Release */ = {
			isa = XCBuildConfiguration;
			baseConfigurationReference = 6965FAC33E44C7B38005D16F /* Pods-iOS.release.xcconfig */;
			buildSettings = {
				ASSETCATALOG_COMPILER_APPICON_NAME = AppIcon;
				ASSETCATALOG_COMPILER_GLOBAL_ACCENT_COLOR_NAME = AccentColor;
				CODE_SIGN_ENTITLEMENTS = "iOS/Market List.entitlements";
				CODE_SIGN_STYLE = Automatic;
				DEVELOPMENT_TEAM = G7CN72P9F4;
				ENABLE_PREVIEWS = YES;
				INFOPLIST_FILE = iOS/Info.plist;
				INFOPLIST_KEY_LSApplicationCategoryType = "public.app-category.utilities";
				IPHONEOS_DEPLOYMENT_TARGET = 16.0;
				LD_RUNPATH_SEARCH_PATHS = (
					"$(inherited)",
					"@executable_path/Frameworks",
				);
				PRODUCT_BUNDLE_IDENTIFIER = "com.Arsalan.Market-List";
				PRODUCT_NAME = "Market List";
				SDKROOT = iphoneos;
				SWIFT_OPTIMIZATION_LEVEL = "-Onone";
				SWIFT_VERSION = 5.0;
				TARGETED_DEVICE_FAMILY = "1,2";
				VALIDATE_PRODUCT = YES;
			};
			name = Release;
		};
		5CA1525524BB854B00455363 /* Debug */ = {
			isa = XCBuildConfiguration;
			baseConfigurationReference = 758F788F467340AD42AA2783 /* Pods-macOS.debug.xcconfig */;
			buildSettings = {
				ASSETCATALOG_COMPILER_APPICON_NAME = AppIcon;
				ASSETCATALOG_COMPILER_GLOBAL_ACCENT_COLOR_NAME = AccentColor;
				CODE_SIGN_ENTITLEMENTS = macOS/macOS.entitlements;
				CODE_SIGN_IDENTITY = "-";
				CODE_SIGN_STYLE = Automatic;
				COMBINE_HIDPI_IMAGES = YES;
				DEAD_CODE_STRIPPING = YES;
				DEVELOPMENT_TEAM = G7CN72P9F4;
				ENABLE_HARDENED_RUNTIME = YES;
				ENABLE_PREVIEWS = YES;
				INFOPLIST_FILE = macOS/Info.plist;
				LD_RUNPATH_SEARCH_PATHS = (
					"$(inherited)",
					"@executable_path/../Frameworks",
				);
				MACOSX_DEPLOYMENT_TARGET = 10.16;
				PRODUCT_BUNDLE_IDENTIFIER = "com.Arsalan.Market-List";
				PRODUCT_NAME = "Market List";
				SDKROOT = macosx;
				SWIFT_VERSION = 5.0;
			};
			name = Debug;
		};
		5CA1525624BB854B00455363 /* Release */ = {
			isa = XCBuildConfiguration;
			baseConfigurationReference = D9C1BD59CB8C9D31BFA7CEAF /* Pods-macOS.release.xcconfig */;
			buildSettings = {
				ASSETCATALOG_COMPILER_APPICON_NAME = AppIcon;
				ASSETCATALOG_COMPILER_GLOBAL_ACCENT_COLOR_NAME = AccentColor;
				CODE_SIGN_ENTITLEMENTS = macOS/macOS.entitlements;
				CODE_SIGN_IDENTITY = "-";
				CODE_SIGN_STYLE = Automatic;
				COMBINE_HIDPI_IMAGES = YES;
				DEAD_CODE_STRIPPING = YES;
				DEVELOPMENT_TEAM = G7CN72P9F4;
				ENABLE_HARDENED_RUNTIME = YES;
				ENABLE_PREVIEWS = YES;
				INFOPLIST_FILE = macOS/Info.plist;
				LD_RUNPATH_SEARCH_PATHS = (
					"$(inherited)",
					"@executable_path/../Frameworks",
				);
				MACOSX_DEPLOYMENT_TARGET = 10.16;
				PRODUCT_BUNDLE_IDENTIFIER = "com.Arsalan.Market-List";
				PRODUCT_NAME = "Market List";
				SDKROOT = macosx;
				SWIFT_VERSION = 5.0;
			};
			name = Release;
		};
		5CA1525824BB854B00455363 /* Debug */ = {
			isa = XCBuildConfiguration;
			buildSettings = {
				ALWAYS_EMBED_SWIFT_STANDARD_LIBRARIES = YES;
				CODE_SIGN_STYLE = Automatic;
				DEVELOPMENT_TEAM = G7CN72P9F4;
				INFOPLIST_FILE = "Tests iOS/Info.plist";
				IPHONEOS_DEPLOYMENT_TARGET = 14.0;
				LD_RUNPATH_SEARCH_PATHS = (
					"$(inherited)",
					"@executable_path/Frameworks",
					"@loader_path/Frameworks",
				);
				PRODUCT_BUNDLE_IDENTIFIER = "com.Arsalan.Tests-iOS";
				PRODUCT_NAME = "$(TARGET_NAME)";
				SDKROOT = iphoneos;
				SWIFT_VERSION = 5.0;
				TARGETED_DEVICE_FAMILY = "1,2";
				TEST_TARGET_NAME = iOS;
			};
			name = Debug;
		};
		5CA1525924BB854B00455363 /* Release */ = {
			isa = XCBuildConfiguration;
			buildSettings = {
				ALWAYS_EMBED_SWIFT_STANDARD_LIBRARIES = YES;
				CODE_SIGN_STYLE = Automatic;
				DEVELOPMENT_TEAM = G7CN72P9F4;
				INFOPLIST_FILE = "Tests iOS/Info.plist";
				IPHONEOS_DEPLOYMENT_TARGET = 14.0;
				LD_RUNPATH_SEARCH_PATHS = (
					"$(inherited)",
					"@executable_path/Frameworks",
					"@loader_path/Frameworks",
				);
				PRODUCT_BUNDLE_IDENTIFIER = "com.Arsalan.Tests-iOS";
				PRODUCT_NAME = "$(TARGET_NAME)";
				SDKROOT = iphoneos;
				SWIFT_VERSION = 5.0;
				TARGETED_DEVICE_FAMILY = "1,2";
				TEST_TARGET_NAME = iOS;
				VALIDATE_PRODUCT = YES;
			};
			name = Release;
		};
		5CA1525B24BB854B00455363 /* Debug */ = {
			isa = XCBuildConfiguration;
			buildSettings = {
				ALWAYS_EMBED_SWIFT_STANDARD_LIBRARIES = YES;
				CODE_SIGN_STYLE = Automatic;
				COMBINE_HIDPI_IMAGES = YES;
				DEAD_CODE_STRIPPING = YES;
				DEVELOPMENT_TEAM = G7CN72P9F4;
				INFOPLIST_FILE = "Tests macOS/Info.plist";
				LD_RUNPATH_SEARCH_PATHS = (
					"$(inherited)",
					"@executable_path/../Frameworks",
					"@loader_path/../Frameworks",
				);
				MACOSX_DEPLOYMENT_TARGET = 10.16;
				PRODUCT_BUNDLE_IDENTIFIER = "com.Arsalan.Tests-macOS";
				PRODUCT_NAME = "$(TARGET_NAME)";
				SDKROOT = macosx;
				SWIFT_VERSION = 5.0;
				TEST_TARGET_NAME = macOS;
			};
			name = Debug;
		};
		5CA1525C24BB854B00455363 /* Release */ = {
			isa = XCBuildConfiguration;
			buildSettings = {
				ALWAYS_EMBED_SWIFT_STANDARD_LIBRARIES = YES;
				CODE_SIGN_STYLE = Automatic;
				COMBINE_HIDPI_IMAGES = YES;
				DEAD_CODE_STRIPPING = YES;
				DEVELOPMENT_TEAM = G7CN72P9F4;
				INFOPLIST_FILE = "Tests macOS/Info.plist";
				LD_RUNPATH_SEARCH_PATHS = (
					"$(inherited)",
					"@executable_path/../Frameworks",
					"@loader_path/../Frameworks",
				);
				MACOSX_DEPLOYMENT_TARGET = 10.16;
				PRODUCT_BUNDLE_IDENTIFIER = "com.Arsalan.Tests-macOS";
				PRODUCT_NAME = "$(TARGET_NAME)";
				SDKROOT = macosx;
				SWIFT_VERSION = 5.0;
				TEST_TARGET_NAME = macOS;
			};
			name = Release;
		};
/* End XCBuildConfiguration section */

/* Begin XCConfigurationList section */
		5CA1521E24BB854A00455363 /* Build configuration list for PBXProject "Market List" */ = {
			isa = XCConfigurationList;
			buildConfigurations = (
				5CA1524F24BB854B00455363 /* Debug */,
				5CA1525024BB854B00455363 /* Release */,
			);
			defaultConfigurationIsVisible = 0;
			defaultConfigurationName = Release;
		};
		5CA1525124BB854B00455363 /* Build configuration list for PBXNativeTarget "iOS" */ = {
			isa = XCConfigurationList;
			buildConfigurations = (
				5CA1525224BB854B00455363 /* Debug */,
				5CA1525324BB854B00455363 /* Release */,
			);
			defaultConfigurationIsVisible = 0;
			defaultConfigurationName = Release;
		};
		5CA1525424BB854B00455363 /* Build configuration list for PBXNativeTarget "macOS" */ = {
			isa = XCConfigurationList;
			buildConfigurations = (
				5CA1525524BB854B00455363 /* Debug */,
				5CA1525624BB854B00455363 /* Release */,
			);
			defaultConfigurationIsVisible = 0;
			defaultConfigurationName = Release;
		};
		5CA1525724BB854B00455363 /* Build configuration list for PBXNativeTarget "Tests iOS" */ = {
			isa = XCConfigurationList;
			buildConfigurations = (
				5CA1525824BB854B00455363 /* Debug */,
				5CA1525924BB854B00455363 /* Release */,
			);
			defaultConfigurationIsVisible = 0;
			defaultConfigurationName = Release;
		};
		5CA1525A24BB854B00455363 /* Build configuration list for PBXNativeTarget "Tests macOS" */ = {
			isa = XCConfigurationList;
			buildConfigurations = (
				5CA1525B24BB854B00455363 /* Debug */,
				5CA1525C24BB854B00455363 /* Release */,
			);
			defaultConfigurationIsVisible = 0;
			defaultConfigurationName = Release;
		};
/* End XCConfigurationList section */
	};
	rootObject = 5CA1521B24BB854A00455363 /* Project object */;
}
